// !$*UTF8*$!
{
	archiveVersion = 1;
	classes = {
	};
	objectVersion = 51;
	objects = {

/* Begin PBXBuildFile section */
		22A250C726ED29CB00D48AE3 /* README.md in Resources */ = {isa = PBXBuildFile; fileRef = 22A250C626ED29CB00D48AE3 /* README.md */; };
		81F1BD5B23DC3EC1C320B9EC /* Pods_myApp1.framework in Frameworks */ = {isa = PBXBuildFile; fileRef = 8726019708C8291501C1913F /* Pods_myApp1.framework */; };
		BE3332BE26E8929A00A629E9 /* firstViewController.swift in Sources */ = {isa = PBXBuildFile; fileRef = BE3332BD26E8929A00A629E9 /* firstViewController.swift */; };
		BE3332C026E8B00800A629E9 /* secondViewController.swift in Sources */ = {isa = PBXBuildFile; fileRef = BE3332BF26E8B00800A629E9 /* secondViewController.swift */; };
		BECC742B26DFBA9F00839256 /* AppDelegate.swift in Sources */ = {isa = PBXBuildFile; fileRef = BECC742A26DFBA9F00839256 /* AppDelegate.swift */; };
		BECC742D26DFBA9F00839256 /* SceneDelegate.swift in Sources */ = {isa = PBXBuildFile; fileRef = BECC742C26DFBA9F00839256 /* SceneDelegate.swift */; };
		BECC742F26DFBA9F00839256 /* ViewController.swift in Sources */ = {isa = PBXBuildFile; fileRef = BECC742E26DFBA9F00839256 /* ViewController.swift */; };
		BECC743226DFBA9F00839256 /* Main.storyboard in Resources */ = {isa = PBXBuildFile; fileRef = BECC743026DFBA9F00839256 /* Main.storyboard */; };
		BECC743426DFBAA200839256 /* Assets.xcassets in Resources */ = {isa = PBXBuildFile; fileRef = BECC743326DFBAA200839256 /* Assets.xcassets */; };
		BECC743726DFBAA200839256 /* LaunchScreen.storyboard in Resources */ = {isa = PBXBuildFile; fileRef = BECC743526DFBAA200839256 /* LaunchScreen.storyboard */; };
		BECC743F26DFBB9400839256 /* Podfile in Resources */ = {isa = PBXBuildFile; fileRef = BECC743E26DFBB9400839256 /* Podfile */; };
		BECC744226E0A98300839256 /* NavViewController_1.swift in Sources */ = {isa = PBXBuildFile; fileRef = BECC744126E0A98300839256 /* NavViewController_1.swift */; };
		BECC744726E0E64C00839256 /* FloatingWindowView.swift in Sources */ = {isa = PBXBuildFile; fileRef = BECC744626E0E64C00839256 /* FloatingWindowView.swift */; };
		BECC744B26E102B000839256 /* Images.xcassets in Resources */ = {isa = PBXBuildFile; fileRef = BECC744A26E102B000839256 /* Images.xcassets */; };
		BECC745326E23C6D00839256 /* Extensions.swift in Sources */ = {isa = PBXBuildFile; fileRef = BECC745226E23C6D00839256 /* Extensions.swift */; };
		BECC745526E263B900839256 /* FloatingViewController.swift in Sources */ = {isa = PBXBuildFile; fileRef = BECC745426E263B900839256 /* FloatingViewController.swift */; };
/* End PBXBuildFile section */

/* Begin PBXFileReference section */
		22A250C626ED29CB00D48AE3 /* README.md */ = {isa = PBXFileReference; fileEncoding = 4; lastKnownFileType = net.daringfireball.markdown; path = README.md; sourceTree = "<group>"; };
		8726019708C8291501C1913F /* Pods_myApp1.framework */ = {isa = PBXFileReference; explicitFileType = wrapper.framework; includeInIndex = 0; path = Pods_myApp1.framework; sourceTree = BUILT_PRODUCTS_DIR; };
		BE3332BD26E8929A00A629E9 /* firstViewController.swift */ = {isa = PBXFileReference; lastKnownFileType = sourcecode.swift; path = firstViewController.swift; sourceTree = "<group>"; };
		BE3332BF26E8B00800A629E9 /* secondViewController.swift */ = {isa = PBXFileReference; lastKnownFileType = sourcecode.swift; path = secondViewController.swift; sourceTree = "<group>"; };
		BECC742726DFBA9F00839256 /* myApp1.app */ = {isa = PBXFileReference; explicitFileType = wrapper.application; includeInIndex = 0; path = myApp1.app; sourceTree = BUILT_PRODUCTS_DIR; };
		BECC742A26DFBA9F00839256 /* AppDelegate.swift */ = {isa = PBXFileReference; lastKnownFileType = sourcecode.swift; path = AppDelegate.swift; sourceTree = "<group>"; };
		BECC742C26DFBA9F00839256 /* SceneDelegate.swift */ = {isa = PBXFileReference; lastKnownFileType = sourcecode.swift; path = SceneDelegate.swift; sourceTree = "<group>"; };
		BECC742E26DFBA9F00839256 /* ViewController.swift */ = {isa = PBXFileReference; lastKnownFileType = sourcecode.swift; path = ViewController.swift; sourceTree = "<group>"; };
		BECC743126DFBA9F00839256 /* Base */ = {isa = PBXFileReference; lastKnownFileType = file.storyboard; name = Base; path = Base.lproj/Main.storyboard; sourceTree = "<group>"; };
		BECC743326DFBAA200839256 /* Assets.xcassets */ = {isa = PBXFileReference; lastKnownFileType = folder.assetcatalog; path = Assets.xcassets; sourceTree = "<group>"; };
		BECC743626DFBAA200839256 /* Base */ = {isa = PBXFileReference; lastKnownFileType = file.storyboard; name = Base; path = Base.lproj/LaunchScreen.storyboard; sourceTree = "<group>"; };
		BECC743826DFBAA200839256 /* Info.plist */ = {isa = PBXFileReference; lastKnownFileType = text.plist.xml; path = Info.plist; sourceTree = "<group>"; };
		BECC743E26DFBB9400839256 /* Podfile */ = {isa = PBXFileReference; explicitFileType = text.script.ruby; path = Podfile; sourceTree = "<group>"; xcLanguageSpecificationIdentifier = xcode.lang.ruby; };
		BECC744026E068A600839256 /* MyPlayground.playground */ = {isa = PBXFileReference; lastKnownFileType = file.playground; path = MyPlayground.playground; sourceTree = "<group>"; xcLanguageSpecificationIdentifier = xcode.lang.swift; };
		BECC744126E0A98300839256 /* NavViewController_1.swift */ = {isa = PBXFileReference; lastKnownFileType = sourcecode.swift; path = NavViewController_1.swift; sourceTree = "<group>"; };
		BECC744626E0E64C00839256 /* FloatingWindowView.swift */ = {isa = PBXFileReference; lastKnownFileType = sourcecode.swift; path = FloatingWindowView.swift; sourceTree = "<group>"; };
		BECC744A26E102B000839256 /* Images.xcassets */ = {isa = PBXFileReference; lastKnownFileType = folder.assetcatalog; path = Images.xcassets; sourceTree = "<group>"; };
		BECC745226E23C6D00839256 /* Extensions.swift */ = {isa = PBXFileReference; lastKnownFileType = sourcecode.swift; path = Extensions.swift; sourceTree = "<group>"; };
		BECC745426E263B900839256 /* FloatingViewController.swift */ = {isa = PBXFileReference; lastKnownFileType = sourcecode.swift; path = FloatingViewController.swift; sourceTree = "<group>"; };
		C26FA4309C74E31A0FD2718A /* Pods-myApp1.release.xcconfig */ = {isa = PBXFileReference; includeInIndex = 1; lastKnownFileType = text.xcconfig; name = "Pods-myApp1.release.xcconfig"; path = "Target Support Files/Pods-myApp1/Pods-myApp1.release.xcconfig"; sourceTree = "<group>"; };
		EBF11E5E7A3592172FB150D0 /* Pods-myApp1.debug.xcconfig */ = {isa = PBXFileReference; includeInIndex = 1; lastKnownFileType = text.xcconfig; name = "Pods-myApp1.debug.xcconfig"; path = "Target Support Files/Pods-myApp1/Pods-myApp1.debug.xcconfig"; sourceTree = "<group>"; };
/* End PBXFileReference section */

/* Begin PBXFrameworksBuildPhase section */
		BECC742426DFBA9F00839256 /* Frameworks */ = {
			isa = PBXFrameworksBuildPhase;
			buildActionMask = 2147483647;
			files = (
				81F1BD5B23DC3EC1C320B9EC /* Pods_myApp1.framework in Frameworks */,
			);
			runOnlyForDeploymentPostprocessing = 0;
		};
/* End PBXFrameworksBuildPhase section */

/* Begin PBXGroup section */
		6D4CC74904B66987F7ECC776 /* Pods */ = {
			isa = PBXGroup;
			children = (
				EBF11E5E7A3592172FB150D0 /* Pods-myApp1.debug.xcconfig */,
				C26FA4309C74E31A0FD2718A /* Pods-myApp1.release.xcconfig */,
			);
			path = Pods;
			sourceTree = "<group>";
		};
		837ACACD63DF2C9FA9B38ADA /* Frameworks */ = {
			isa = PBXGroup;
			children = (
				8726019708C8291501C1913F /* Pods_myApp1.framework */,
			);
			name = Frameworks;
			sourceTree = "<group>";
		};
		BE3332BC26E8925300A629E9 /* ViewControllers */ = {
			isa = PBXGroup;
			children = (
				BECC744126E0A98300839256 /* NavViewController_1.swift */,
				BE3332BD26E8929A00A629E9 /* firstViewController.swift */,
				BE3332BF26E8B00800A629E9 /* secondViewController.swift */,
			);
			path = ViewControllers;
			sourceTree = "<group>";
		};
		BECC741E26DFBA9F00839256 = {
			isa = PBXGroup;
			children = (
				22A250C626ED29CB00D48AE3 /* README.md */,
				BECC744326E0E5CC00839256 /* FloatingWindow */,
				BECC744026E068A600839256 /* MyPlayground.playground */,
				BECC743E26DFBB9400839256 /* Podfile */,
				BECC742926DFBA9F00839256 /* myApp1 */,
				BECC742826DFBA9F00839256 /* Products */,
				6D4CC74904B66987F7ECC776 /* Pods */,
				837ACACD63DF2C9FA9B38ADA /* Frameworks */,
			);
			sourceTree = "<group>";
		};
		BECC742826DFBA9F00839256 /* Products */ = {
			isa = PBXGroup;
			children = (
				BECC742726DFBA9F00839256 /* myApp1.app */,
			);
			name = Products;
			sourceTree = "<group>";
		};
		BECC742926DFBA9F00839256 /* myApp1 */ = {
			isa = PBXGroup;
			children = (
				BE3332BC26E8925300A629E9 /* ViewControllers */,
				BECC742A26DFBA9F00839256 /* AppDelegate.swift */,
				BECC742C26DFBA9F00839256 /* SceneDelegate.swift */,
				BECC742E26DFBA9F00839256 /* ViewController.swift */,
				BECC744A26E102B000839256 /* Images.xcassets */,
				BECC743026DFBA9F00839256 /* Main.storyboard */,
				BECC743326DFBAA200839256 /* Assets.xcassets */,
				BECC743526DFBAA200839256 /* LaunchScreen.storyboard */,
				BECC743826DFBAA200839256 /* Info.plist */,
				BECC745226E23C6D00839256 /* Extensions.swift */,
			);
			path = myApp1;
			sourceTree = "<group>";
		};
		BECC744326E0E5CC00839256 /* FloatingWindow */ = {
			isa = PBXGroup;
			children = (
				BECC745426E263B900839256 /* FloatingViewController.swift */,
				BECC744626E0E64C00839256 /* FloatingWindowView.swift */,
			);
			path = FloatingWindow;
			sourceTree = "<group>";
		};
/* End PBXGroup section */

/* Begin PBXNativeTarget section */
		BECC742626DFBA9F00839256 /* myApp1 */ = {
			isa = PBXNativeTarget;
			buildConfigurationList = BECC743B26DFBAA200839256 /* Build configuration list for PBXNativeTarget "myApp1" */;
			buildPhases = (
				BA72EA4B2C9A7AED670C5BD3 /* [CP] Check Pods Manifest.lock */,
				BECC742326DFBA9F00839256 /* Sources */,
				BECC742426DFBA9F00839256 /* Frameworks */,
				BECC742526DFBA9F00839256 /* Resources */,
				2B157DB5CE9A2354925D3035 /* [CP] Embed Pods Frameworks */,
			);
			buildRules = (
			);
			dependencies = (
			);
			name = myApp1;
			productName = myApp1;
			productReference = BECC742726DFBA9F00839256 /* myApp1.app */;
			productType = "com.apple.product-type.application";
		};
/* End PBXNativeTarget section */

/* Begin PBXProject section */
		BECC741F26DFBA9F00839256 /* Project object */ = {
			isa = PBXProject;
			attributes = {
				LastSwiftUpdateCheck = 1250;
				LastUpgradeCheck = 1250;
				TargetAttributes = {
					BECC742626DFBA9F00839256 = {
						CreatedOnToolsVersion = 12.5.1;
					};
				};
			};
			buildConfigurationList = BECC742226DFBA9F00839256 /* Build configuration list for PBXProject "myApp1" */;
			compatibilityVersion = "Xcode 9.3";
			developmentRegion = en;
			hasScannedForEncodings = 0;
			knownRegions = (
				en,
				Base,
			);
			mainGroup = BECC741E26DFBA9F00839256;
			productRefGroup = BECC742826DFBA9F00839256 /* Products */;
			projectDirPath = "";
			projectRoot = "";
			targets = (
				BECC742626DFBA9F00839256 /* myApp1 */,
			);
		};
/* End PBXProject section */

/* Begin PBXResourcesBuildPhase section */
		BECC742526DFBA9F00839256 /* Resources */ = {
			isa = PBXResourcesBuildPhase;
			buildActionMask = 2147483647;
			files = (
				22A250C726ED29CB00D48AE3 /* README.md in Resources */,
				BECC743726DFBAA200839256 /* LaunchScreen.storyboard in Resources */,
				BECC743426DFBAA200839256 /* Assets.xcassets in Resources */,
				BECC744B26E102B000839256 /* Images.xcassets in Resources */,
				BECC743F26DFBB9400839256 /* Podfile in Resources */,
				BECC743226DFBA9F00839256 /* Main.storyboard in Resources */,
			);
			runOnlyForDeploymentPostprocessing = 0;
		};
/* End PBXResourcesBuildPhase section */

/* Begin PBXShellScriptBuildPhase section */
		2B157DB5CE9A2354925D3035 /* [CP] Embed Pods Frameworks */ = {
			isa = PBXShellScriptBuildPhase;
			buildActionMask = 2147483647;
			files = (
			);
			inputFileListPaths = (
				"${PODS_ROOT}/Target Support Files/Pods-myApp1/Pods-myApp1-frameworks-${CONFIGURATION}-input-files.xcfilelist",
			);
			name = "[CP] Embed Pods Frameworks";
			outputFileListPaths = (
				"${PODS_ROOT}/Target Support Files/Pods-myApp1/Pods-myApp1-frameworks-${CONFIGURATION}-output-files.xcfilelist",
			);
			runOnlyForDeploymentPostprocessing = 0;
			shellPath = /bin/sh;
			shellScript = "\"${PODS_ROOT}/Target Support Files/Pods-myApp1/Pods-myApp1-frameworks.sh\"\n";
			showEnvVarsInLog = 0;
		};
		BA72EA4B2C9A7AED670C5BD3 /* [CP] Check Pods Manifest.lock */ = {
			isa = PBXShellScriptBuildPhase;
			buildActionMask = 2147483647;
			files = (
			);
			inputFileListPaths = (
			);
			inputPaths = (
				"${PODS_PODFILE_DIR_PATH}/Podfile.lock",
				"${PODS_ROOT}/Manifest.lock",
			);
			name = "[CP] Check Pods Manifest.lock";
			outputFileListPaths = (
			);
			outputPaths = (
				"$(DERIVED_FILE_DIR)/Pods-myApp1-checkManifestLockResult.txt",
			);
			runOnlyForDeploymentPostprocessing = 0;
			shellPath = /bin/sh;
			shellScript = "diff \"${PODS_PODFILE_DIR_PATH}/Podfile.lock\" \"${PODS_ROOT}/Manifest.lock\" > /dev/null\nif [ $? != 0 ] ; then\n    # print error to STDERR\n    echo \"error: The sandbox is not in sync with the Podfile.lock. Run 'pod install' or update your CocoaPods installation.\" >&2\n    exit 1\nfi\n# This output is used by Xcode 'outputs' to avoid re-running this script phase.\necho \"SUCCESS\" > \"${SCRIPT_OUTPUT_FILE_0}\"\n";
			showEnvVarsInLog = 0;
		};
/* End PBXShellScriptBuildPhase section */

/* Begin PBXSourcesBuildPhase section */
		BECC742326DFBA9F00839256 /* Sources */ = {
			isa = PBXSourcesBuildPhase;
			buildActionMask = 2147483647;
			files = (
				BECC744226E0A98300839256 /* NavViewController_1.swift in Sources */,
				BECC742F26DFBA9F00839256 /* ViewController.swift in Sources */,
				BECC745526E263B900839256 /* FloatingViewController.swift in Sources */,
				BECC742B26DFBA9F00839256 /* AppDelegate.swift in Sources */,
				BECC744726E0E64C00839256 /* FloatingWindowView.swift in Sources */,
				BECC742D26DFBA9F00839256 /* SceneDelegate.swift in Sources */,
				BECC745326E23C6D00839256 /* Extensions.swift in Sources */,
				BE3332C026E8B00800A629E9 /* secondViewController.swift in Sources */,
				BE3332BE26E8929A00A629E9 /* firstViewController.swift in Sources */,
			);
			runOnlyForDeploymentPostprocessing = 0;
		};
/* End PBXSourcesBuildPhase section */

/* Begin PBXVariantGroup section */
		BECC743026DFBA9F00839256 /* Main.storyboard */ = {
			isa = PBXVariantGroup;
			children = (
				BECC743126DFBA9F00839256 /* Base */,
			);
			name = Main.storyboard;
			sourceTree = "<group>";
		};
		BECC743526DFBAA200839256 /* LaunchScreen.storyboard */ = {
			isa = PBXVariantGroup;
			children = (
				BECC743626DFBAA200839256 /* Base */,
			);
			name = LaunchScreen.storyboard;
			sourceTree = "<group>";
		};
/* End PBXVariantGroup section */

/* Begin XCBuildConfiguration section */
		BECC743926DFBAA200839256 /* Debug */ = {
			isa = XCBuildConfiguration;
			buildSettings = {
				ALWAYS_SEARCH_USER_PATHS = NO;
				CLANG_ANALYZER_NONNULL = YES;
				CLANG_ANALYZER_NUMBER_OBJECT_CONVERSION = YES_AGGRESSIVE;
				CLANG_CXX_LANGUAGE_STANDARD = "gnu++14";
				CLANG_CXX_LIBRARY = "libc++";
				CLANG_ENABLE_MODULES = YES;
				CLANG_ENABLE_OBJC_ARC = YES;
				CLANG_ENABLE_OBJC_WEAK = YES;
				CLANG_WARN_BLOCK_CAPTURE_AUTORELEASING = YES;
				CLANG_WARN_BOOL_CONVERSION = YES;
				CLANG_WARN_COMMA = YES;
				CLANG_WARN_CONSTANT_CONVERSION = YES;
				CLANG_WARN_DEPRECATED_OBJC_IMPLEMENTATIONS = YES;
				CLANG_WARN_DIRECT_OBJC_ISA_USAGE = YES_ERROR;
				CLANG_WARN_DOCUMENTATION_COMMENTS = YES;
				CLANG_WARN_EMPTY_BODY = YES;
				CLANG_WARN_ENUM_CONVERSION = YES;
				CLANG_WARN_INFINITE_RECURSION = YES;
				CLANG_WARN_INT_CONVERSION = YES;
				CLANG_WARN_NON_LITERAL_NULL_CONVERSION = YES;
				CLANG_WARN_OBJC_IMPLICIT_RETAIN_SELF = YES;
				CLANG_WARN_OBJC_LITERAL_CONVERSION = YES;
				CLANG_WARN_OBJC_ROOT_CLASS = YES_ERROR;
				CLANG_WARN_QUOTED_INCLUDE_IN_FRAMEWORK_HEADER = YES;
				CLANG_WARN_RANGE_LOOP_ANALYSIS = YES;
				CLANG_WARN_STRICT_PROTOTYPES = YES;
				CLANG_WARN_SUSPICIOUS_MOVE = YES;
				CLANG_WARN_UNGUARDED_AVAILABILITY = YES_AGGRESSIVE;
				CLANG_WARN_UNREACHABLE_CODE = YES;
				CLANG_WARN__DUPLICATE_METHOD_MATCH = YES;
				COPY_PHASE_STRIP = NO;
				DEBUG_INFORMATION_FORMAT = dwarf;
				ENABLE_STRICT_OBJC_MSGSEND = YES;
				ENABLE_TESTABILITY = YES;
				GCC_C_LANGUAGE_STANDARD = gnu11;
				GCC_DYNAMIC_NO_PIC = NO;
				GCC_NO_COMMON_BLOCKS = YES;
				GCC_OPTIMIZATION_LEVEL = 0;
				GCC_PREPROCESSOR_DEFINITIONS = (
					"DEBUG=1",
					"$(inherited)",
				);
				GCC_WARN_64_TO_32_BIT_CONVERSION = YES;
				GCC_WARN_ABOUT_RETURN_TYPE = YES_ERROR;
				GCC_WARN_UNDECLARED_SELECTOR = YES;
				GCC_WARN_UNINITIALIZED_AUTOS = YES_AGGRESSIVE;
				GCC_WARN_UNUSED_FUNCTION = YES;
				GCC_WARN_UNUSED_VARIABLE = YES;
				IPHONEOS_DEPLOYMENT_TARGET = 14.5;
				MTL_ENABLE_DEBUG_INFO = INCLUDE_SOURCE;
				MTL_FAST_MATH = YES;
				ONLY_ACTIVE_ARCH = YES;
				SDKROOT = iphoneos;
				SWIFT_ACTIVE_COMPILATION_CONDITIONS = DEBUG;
				SWIFT_OPTIMIZATION_LEVEL = "-Onone";
			};
			name = Debug;
		};
		BECC743A26DFBAA200839256 /* Release */ = {
			isa = XCBuildConfiguration;
			buildSettings = {
				ALWAYS_SEARCH_USER_PATHS = NO;
				CLANG_ANALYZER_NONNULL = YES;
				CLANG_ANALYZER_NUMBER_OBJECT_CONVERSION = YES_AGGRESSIVE;
				CLANG_CXX_LANGUAGE_STANDARD = "gnu++14";
				CLANG_CXX_LIBRARY = "libc++";
				CLANG_ENABLE_MODULES = YES;
				CLANG_ENABLE_OBJC_ARC = YES;
				CLANG_ENABLE_OBJC_WEAK = YES;
				CLANG_WARN_BLOCK_CAPTURE_AUTORELEASING = YES;
				CLANG_WARN_BOOL_CONVERSION = YES;
				CLANG_WARN_COMMA = YES;
				CLANG_WARN_CONSTANT_CONVERSION = YES;
				CLANG_WARN_DEPRECATED_OBJC_IMPLEMENTATIONS = YES;
				CLANG_WARN_DIRECT_OBJC_ISA_USAGE = YES_ERROR;
				CLANG_WARN_DOCUMENTATION_COMMENTS = YES;
				CLANG_WARN_EMPTY_BODY = YES;
				CLANG_WARN_ENUM_CONVERSION = YES;
				CLANG_WARN_INFINITE_RECURSION = YES;
				CLANG_WARN_INT_CONVERSION = YES;
				CLANG_WARN_NON_LITERAL_NULL_CONVERSION = YES;
				CLANG_WARN_OBJC_IMPLICIT_RETAIN_SELF = YES;
				CLANG_WARN_OBJC_LITERAL_CONVERSION = YES;
				CLANG_WARN_OBJC_ROOT_CLASS = YES_ERROR;
				CLANG_WARN_QUOTED_INCLUDE_IN_FRAMEWORK_HEADER = YES;
				CLANG_WARN_RANGE_LOOP_ANALYSIS = YES;
				CLANG_WARN_STRICT_PROTOTYPES = YES;
				CLANG_WARN_SUSPICIOUS_MOVE = YES;
				CLANG_WARN_UNGUARDED_AVAILABILITY = YES_AGGRESSIVE;
				CLANG_WARN_UNREACHABLE_CODE = YES;
				CLANG_WARN__DUPLICATE_METHOD_MATCH = YES;
				COPY_PHASE_STRIP = NO;
				DEBUG_INFORMATION_FORMAT = "dwarf-with-dsym";
				ENABLE_NS_ASSERTIONS = NO;
				ENABLE_STRICT_OBJC_MSGSEND = YES;
				GCC_C_LANGUAGE_STANDARD = gnu11;
				GCC_NO_COMMON_BLOCKS = YES;
				GCC_WARN_64_TO_32_BIT_CONVERSION = YES;
				GCC_WARN_ABOUT_RETURN_TYPE = YES_ERROR;
				GCC_WARN_UNDECLARED_SELECTOR = YES;
				GCC_WARN_UNINITIALIZED_AUTOS = YES_AGGRESSIVE;
				GCC_WARN_UNUSED_FUNCTION = YES;
				GCC_WARN_UNUSED_VARIABLE = YES;
				IPHONEOS_DEPLOYMENT_TARGET = 14.5;
				MTL_ENABLE_DEBUG_INFO = NO;
				MTL_FAST_MATH = YES;
				SDKROOT = iphoneos;
				SWIFT_COMPILATION_MODE = wholemodule;
				SWIFT_OPTIMIZATION_LEVEL = "-O";
				VALIDATE_PRODUCT = YES;
			};
			name = Release;
		};
		BECC743C26DFBAA200839256 /* Debug */ = {
			isa = XCBuildConfiguration;
			baseConfigurationReference = EBF11E5E7A3592172FB150D0 /* Pods-myApp1.debug.xcconfig */;
			buildSettings = {
				ASSETCATALOG_COMPILER_APPICON_NAME = AppIcon;
				ASSETCATALOG_COMPILER_GLOBAL_ACCENT_COLOR_NAME = AccentColor;
				CODE_SIGN_STYLE = Automatic;
				DEVELOPMENT_TEAM = 78DH2SG26R;
				INFOPLIST_FILE = myApp1/Info.plist;
				LD_RUNPATH_SEARCH_PATHS = (
					"$(inherited)",
					"@executable_path/Frameworks",
				);
				PRODUCT_BUNDLE_IDENTIFIER = com.liangguanghui.myApp1;
				PRODUCT_NAME = "$(TARGET_NAME)";
				SWIFT_VERSION = 5.0;
				TARGETED_DEVICE_FAMILY = "1,2";
			};
			name = Debug;
		};
		BECC743D26DFBAA200839256 /* Release */ = {
			isa = XCBuildConfiguration;
			baseConfigurationReference = C26FA4309C74E31A0FD2718A /* Pods-myApp1.release.xcconfig */;
			buildSettings = {
				ASSETCATALOG_COMPILER_APPICON_NAME = AppIcon;
				ASSETCATALOG_COMPILER_GLOBAL_ACCENT_COLOR_NAME = AccentColor;
				CODE_SIGN_STYLE = Automatic;
				DEVELOPMENT_TEAM = 78DH2SG26R;
				INFOPLIST_FILE = myApp1/Info.plist;
				LD_RUNPATH_SEARCH_PATHS = (
					"$(inherited)",
					"@executable_path/Frameworks",
				);
				PRODUCT_BUNDLE_IDENTIFIER = com.liangguanghui.myApp1;
				PRODUCT_NAME = "$(TARGET_NAME)";
				SWIFT_VERSION = 5.0;
				TARGETED_DEVICE_FAMILY = "1,2";
			};
			name = Release;
		};
/* End XCBuildConfiguration section */

/* Begin XCConfigurationList section */
		BECC742226DFBA9F00839256 /* Build configuration list for PBXProject "myApp1" */ = {
			isa = XCConfigurationList;
			buildConfigurations = (
				BECC743926DFBAA200839256 /* Debug */,
				BECC743A26DFBAA200839256 /* Release */,
			);
			defaultConfigurationIsVisible = 0;
			defaultConfigurationName = Release;
		};
		BECC743B26DFBAA200839256 /* Build configuration list for PBXNativeTarget "myApp1" */ = {
			isa = XCConfigurationList;
			buildConfigurations = (
				BECC743C26DFBAA200839256 /* Debug */,
				BECC743D26DFBAA200839256 /* Release */,
			);
			defaultConfigurationIsVisible = 0;
			defaultConfigurationName = Release;
		};
/* End XCConfigurationList section */
	};
	rootObject = BECC741F26DFBA9F00839256 /* Project object */;
}
